{
  "version": 1,
  "dependencies": {
    "net9.0": {
      "Microsoft.SourceLink.GitHub": {
        "type": "Direct",
        "requested": "[8.0.0, )",
        "resolved": "8.0.0",
        "contentHash": "G5q7OqtwIyGTkeIOAc3u2ZuV/kicQaec5EaRnc0pIeSnh9LUjj+PYQrJYBURvDt7twGl2PKA7nSN0kz1Zw5bnQ==",
        "dependencies": {
          "Microsoft.Build.Tasks.Git": "8.0.0",
          "Microsoft.SourceLink.Common": "8.0.0"
        }
      },
      "Roslynator.Analyzers": {
        "type": "Direct",
        "requested": "[4.13.1, )",
        "resolved": "4.13.1",
        "contentHash": "KZpLy6ZlCebMk+d/3I5KU2R7AOb4LNJ6tPJqPtvFXmO8bEBHQvCIAvJOnY2tu4C9/aVOROTDYUFADxFqw1gh/g=="
      },
      "Roslynator.CodeAnalysis.Analyzers": {
        "type": "Direct",
        "requested": "[4.13.1, )",
        "resolved": "4.13.1",
        "contentHash": "PwbuGlRFp87pdx9GVIjDmFwkYEfxVQKs0yWuIedTrUht2JwIzLe0Y7QNzgeJaE7E3YsCVED09h1X6WBqQ95XIA=="
      },
      "Roslynator.Formatting.Analyzers": {
        "type": "Direct",
        "requested": "[4.13.1, )",
        "resolved": "4.13.1",
        "contentHash": "V9gCt0T1Tnu+jMWJDLiUV/vOTmGzmofEdVeUPKPdh8MJW7f3kkhFXSeDotwl8Ob88OxrBf+4LrV/D7OA4tAluA=="
      },
      "Argon": {
        "type": "Transitive",
        "resolved": "0.30.1",
        "contentHash": "kjKnBzxJ1Xp4Sh9B7inrP1YjefXH4X8hV4/J5EoDKloog09Kp4KUVoJS8xxYfUbUzJ+Xe5PKZm3hj5pi4ZuCZw=="
      },
      "Argon.NodaTime": {
        "type": "Transitive",
        "resolved": "0.30.1",
        "contentHash": "Oq5SR9sXFCBTds96BHeAahw4A4xVoSNvvx66QxLLqHcaLuZP5qDKw0DD+Gr6WMtSU13j9W0VCOaM5MbS45ojJg==",
        "dependencies": {
          "Argon": "0.30.1",
          "NodaTime": "3.2.2"
        }
      },
      "Autofac": {
        "type": "Transitive",
        "resolved": "8.3.0",
        "contentHash": "0Bv8aSKuK4nQAiDKw3+pIv9hUhbPwS63ql9KhjR6DRgE14UNdXrMqO8YMI0PnffZPyCrMs85lNhZRI4eBgQO4w==",
        "dependencies": {
          "System.Diagnostics.DiagnosticSource": "8.0.1"
        }
      },
      "Autofac.Extensions.DependencyInjection": {
        "type": "Transitive",
        "resolved": "10.0.0",
        "contentHash": "ZjR/onUlP7BzQ7VBBigQepWLAyAzi3VRGX3pP6sBqkPRiT61fsTZqbTpRUKxo30TMgbs1o3y6bpLbETix4SJog==",
        "dependencies": {
          "Autofac": "8.1.0",
          "Microsoft.Extensions.DependencyInjection.Abstractions": "8.0.1"
        }
      },
      "Castle.Core": {
        "type": "Transitive",
        "resolved": "5.1.1",
        "contentHash": "rpYtIczkzGpf+EkZgDr9CClTdemhsrwA/W5hMoPjLkRFnXzH44zDLoovXeKtmxb1ykXK9aJVODSpiJml8CTw2g==",
        "dependencies": {
          "System.Diagnostics.EventLog": "6.0.0"
        }
      },
      "DiffEngine": {
        "type": "Transitive",
        "resolved": "16.2.3",
        "contentHash": "QWnG0MR3//Ss0G0N9mIfe1HLOrOIRZqau0AOiLt9Gm53ZQf/TLvzoccTkczEW5ACkbhRY5m+p+W7bzFVln2GDw==",
        "dependencies": {
          "EmptyFiles": "8.10.1",
          "System.Management": "8.0.0"
        }
      },
      "EmptyFiles": {
        "type": "Transitive",
        "resolved": "8.10.1",
        "contentHash": "vhLPAqdKuo2qjVkrJbCyacGXO9XTha7G1R5amw44m877FDR/gqFjCfdncj8VyHAC6eNqrCXgYTbHJGO5+l3TJg=="
      },
      "FluentValidation": {
        "type": "Transitive",
        "resolved": "12.0.0",
        "contentHash": "8NVLxtMUXynRHJIX3Hn1ACovaqZIJASufXIIFkD0EUbcd5PmMsL1xUD5h548gCezJ5BzlITaR9CAMrGe29aWpA=="
      },
      "FluentValidation.DependencyInjectionExtensions": {
        "type": "Transitive",
        "resolved": "12.0.0",
        "contentHash": "B28fBRL1UjhGsBC8fwV6YBZosh+SiU1FxdD7l7p5dGPgRlVI7UnM+Lgzmg+unZtV1Zxzpaw96UY2MYfMaAd8cg==",
        "dependencies": {
          "FluentValidation": "12.0.0",
          "Microsoft.Extensions.Dependencyinjection.Abstractions": "2.1.0"
        }
      },
      "Microsoft.AspNet.WebApi.Client": {
        "type": "Transitive",
        "resolved": "6.0.0",
        "contentHash": "zXeWP03dTo67AoDHUzR+/urck0KFssdCKOC+dq7Nv1V2YbFh/nIg09L0/3wSvyRONEdwxGB/ssEGmPNIIhAcAw==",
        "dependencies": {
          "Newtonsoft.Json": "13.0.1",
          "Newtonsoft.Json.Bson": "1.0.2",
          "System.Memory": "4.5.5",
          "System.Threading.Tasks.Extensions": "4.5.4"
        }
      },
      "Microsoft.AspNetCore.Authentication.JwtBearer": {
        "type": "Transitive",
        "resolved": "9.0.7",
        "contentHash": "lloN3XvIgXmdocfghzfszOHJb45OYR3fgOg/h536o+zNB2SmP3JrqeOieCBZ7sipgGcgbxP0boA+loVhdsJxWg==",
        "dependencies": {
          "Microsoft.IdentityModel.Protocols.OpenIdConnect": "8.0.1"
        }
      },
      "Microsoft.Build.Tasks.Git": {
        "type": "Transitive",
        "resolved": "8.0.0",
        "contentHash": "bZKfSIKJRXLTuSzLudMFte/8CempWjVamNUR5eHJizsy+iuOuO/k2gnh7W0dHJmYY0tBf+gUErfluCv5mySAOQ=="
      },
      "Microsoft.Extensions.Configuration.Abstractions": {
        "type": "Transitive",
        "resolved": "9.0.7",
        "contentHash": "lut/kiVvNsQ120VERMUYSFhpXPpKjjql+giy03LesASPBBcC0o6+aoFdzJH9GaYpFTQ3fGVhVjKjvJDoAW5/IQ==",
        "dependencies": {
          "Microsoft.Extensions.Primitives": "9.0.7"
        }
      },
      "Microsoft.Extensions.Configuration.Binder": {
        "type": "Transitive",
        "resolved": "9.0.7",
        "contentHash": "ExY+zXHhU4o9KC2alp3ZdLWyVWVRSn5INqax5ABk+HEOHlAHzomhJ7ek9HHliyOMiVGoYWYaMFOGr9q59mSAGA==",
        "dependencies": {
          "Microsoft.Extensions.Configuration.Abstractions": "9.0.7"
        }
      },
      "Microsoft.Extensions.DependencyInjection": {
        "type": "Transitive",
        "resolved": "9.0.7",
        "contentHash": "i05AYA91vgq0as84ROVCyltD2gnxaba/f1Qw2rG7mUsS0gv8cPTr1Gm7jPQHq7JTr4MJoQUcanLVs16tIOUJaQ==",
        "dependencies": {
          "Microsoft.Extensions.DependencyInjection.Abstractions": "9.0.7"
        }
      },
      "Microsoft.Extensions.DependencyInjection.Abstractions": {
        "type": "Transitive",
        "resolved": "9.0.7",
        "contentHash": "iPK1FxbGFr2Xb+4Y+dTYI8Gupu9pOi8I3JPuPsrogUmEhe2hzZ9LpCmolMEBhVDo2ikcSr7G5zYiwaapHSQTew=="
      },
      "Microsoft.Extensions.Diagnostics.Abstractions": {
        "type": "Transitive",
        "resolved": "9.0.7",
        "contentHash": "d39Ov1JpeWCGLCOTinlaDkujhrSAQ0HFxb7Su1BjhCKBfmDcQ6Ia1i3JI6kd3NFgwi1dexTunu82daDNwt7E6w==",
        "dependencies": {
          "Microsoft.Extensions.DependencyInjection.Abstractions": "9.0.7",
          "Microsoft.Extensions.Options": "9.0.7"
        }
      },
      "Microsoft.Extensions.FileProviders.Abstractions": {
        "type": "Transitive",
        "resolved": "9.0.7",
        "contentHash": "y9djCca1cz/oz/J8jTxtoecNiNvaiGBJeWd7XOPxonH+FnfHqcfslJMcSr5JMinmWFyS7eh3C9L6m6oURZ5lSA==",
        "dependencies": {
          "Microsoft.Extensions.Primitives": "9.0.7"
        }
      },
      "Microsoft.Extensions.Hosting.Abstractions": {
        "type": "Transitive",
        "resolved": "9.0.7",
        "contentHash": "yG2JCXAR+VqI1mKqynLPNJlNlrUJeEISEpX4UznOp2uM4IEFz3pDDauzyMvTjICutEJtOigJ1yWBvxbaIlibBw==",
        "dependencies": {
          "Microsoft.Extensions.Configuration.Abstractions": "9.0.7",
          "Microsoft.Extensions.DependencyInjection.Abstractions": "9.0.7",
          "Microsoft.Extensions.Diagnostics.Abstractions": "9.0.7",
          "Microsoft.Extensions.FileProviders.Abstractions": "9.0.7",
          "Microsoft.Extensions.Logging.Abstractions": "9.0.7"
        }
      },
      "Microsoft.Extensions.Logging.Abstractions": {
        "type": "Transitive",
        "resolved": "9.0.7",
        "contentHash": "sMM6NEAdUTE/elJ2wqjOi0iBWqZmSyaTByLF9e8XHv6DRJFFnOe0N+s8Uc6C91E4SboQCfLswaBIZ+9ZXA98AA==",
        "dependencies": {
          "Microsoft.Extensions.DependencyInjection.Abstractions": "9.0.7"
        }
      },
      "Microsoft.Extensions.Options": {
        "type": "Transitive",
        "resolved": "9.0.7",
        "contentHash": "trJnF6cRWgR5uMmHpGoHmM1wOVFdIYlELlkO9zX+RfieK0321Y55zrcs4AaEymKup7dxgEN/uJU25CAcMNQRXw==",
        "dependencies": {
          "Microsoft.Extensions.DependencyInjection.Abstractions": "9.0.7",
          "Microsoft.Extensions.Primitives": "9.0.7"
        }
      },
      "Microsoft.Extensions.Primitives": {
        "type": "Transitive",
        "resolved": "9.0.7",
        "contentHash": "ti/zD9BuuO50IqlvhWQs9GHxkCmoph5BHjGiWKdg2t6Or8XoyAfRJiKag+uvd/fpASnNklfsB01WpZ4fhAe0VQ=="
      },
      "Microsoft.IdentityModel.Abstractions": {
        "type": "Transitive",
        "resolved": "8.12.1",
        "contentHash": "JzWhET0VOCORyJbqDc1Wtdl8Q/l+I1MjFB0I/Jko+Ma691JZll8X6o9XwZtUce8FkqGuV4uY4/V1808XZOpDVg=="
      },
      "Microsoft.IdentityModel.JsonWebTokens": {
        "type": "Transitive",
        "resolved": "8.12.1",
        "contentHash": "imi3xiRLzzKxN4m1aR9Z2X8GUmNsVH7GLA6AkwYStNnh3UzupFtHEEVk3GK1fCvnYdRbpnCGNYY6WQb9AfDAKg==",
        "dependencies": {
          "Microsoft.IdentityModel.Tokens": "8.12.1"
        }
      },
      "Microsoft.IdentityModel.Logging": {
        "type": "Transitive",
        "resolved": "8.12.1",
        "contentHash": "39HjVkU7Voe2jRLmORRB5PoTmta1ZPKzUZCc6ldlNlLzdx+um0+fAnvfk05LUQPrNxpvb5ZoqF00SrNvyO2Fzg==",
        "dependencies": {
          "Microsoft.IdentityModel.Abstractions": "8.12.1"
        }
      },
      "Microsoft.IdentityModel.Protocols": {
        "type": "Transitive",
        "resolved": "8.0.1",
        "contentHash": "uA2vpKqU3I2mBBEaeJAWPTjT9v1TZrGWKdgK6G5qJd03CLx83kdiqO9cmiK8/n1erkHzFBwU/RphP83aAe3i3g==",
        "dependencies": {
          "Microsoft.IdentityModel.Tokens": "8.0.1"
        }
      },
      "Microsoft.IdentityModel.Protocols.OpenIdConnect": {
        "type": "Transitive",
        "resolved": "8.0.1",
        "contentHash": "AQDbfpL+yzuuGhO/mQhKNsp44pm5Jv8/BI4KiFXR7beVGZoSH35zMV3PrmcfvSTsyI6qrcR898NzUauD6SRigg==",
        "dependencies": {
          "Microsoft.IdentityModel.Protocols": "8.0.1",
          "System.IdentityModel.Tokens.Jwt": "8.0.1"
        }
      },
      "Microsoft.IdentityModel.Tokens": {
        "type": "Transitive",
        "resolved": "8.12.1",
        "contentHash": "DzgPEABn3eZmIk4lhov0QPcoHkIbnAfgkyDPM7uGuWDHeockR9DdqNCD9Zy30hPfExu5VhbOXn9oPRi+tFUhEQ==",
        "dependencies": {
          "Microsoft.Extensions.Logging.Abstractions": "8.0.0",
          "Microsoft.IdentityModel.Logging": "8.12.1"
        }
      },
      "Microsoft.SourceLink.Common": {
        "type": "Transitive",
        "resolved": "8.0.0",
        "contentHash": "dk9JPxTCIevS75HyEQ0E4OVAFhB2N+V9ShCXf8Q6FkUQZDkgLI12y679Nym1YqsiSysuQskT7Z+6nUf3yab6Vw=="
      },
      "Newtonsoft.Json": {
        "type": "Transitive",
        "resolved": "13.0.1",
        "contentHash": "ppPFpBcvxdsfUonNcvITKqLl3bqxWbDCZIzDWHzjpdAHRFfZe0Dw9HmA0+za13IdyrgJwpkDTDA9fHaxOrt20A=="
      },
      "Newtonsoft.Json.Bson": {
        "type": "Transitive",
        "resolved": "1.0.2",
        "contentHash": "QYFyxhaABwmq3p/21VrZNYvCg3DaEoN/wUuw5nmfAf0X3HLjgupwhkEWdgfb9nvGAUIv3osmZoD3kKl4jxEmYQ==",
        "dependencies": {
          "Newtonsoft.Json": "12.0.1"
        }
      },
      "NodaTime": {
        "type": "Transitive",
        "resolved": "3.2.2",
        "contentHash": "dmju5W0UYC3QP/UJM0juKAZkH0HSDMp0gH91A0+mT9M0kgyM2Jm67hUZPl/WRQLq8Lijjqmdk8kyAViWFWM7dA=="
      },
      "NodaTime.Serialization.SystemTextJson": {
        "type": "Transitive",
        "resolved": "1.3.0",
        "contentHash": "Zf9sdKrfcId0rvZLOB7Yncy/cfCv20TdQ84IKE6CkcWW33u1wsRvmYUbfaP5MYUm+9vp9Yoi3G2vN1/9nZ/JCA==",
        "dependencies": {
          "NodaTime": "[3.0.0, 4.0.0)"
        }
      },
      "NSubstitute": {
        "type": "Transitive",
        "resolved": "5.3.0",
        "contentHash": "lJ47Cps5Qzr86N99lcwd+OUvQma7+fBgr8+Mn+aOC0WrlqMNkdivaYD9IvnZ5Mqo6Ky3LS7ZI+tUq1/s9ERd0Q==",
        "dependencies": {
          "Castle.Core": "5.1.1"
        }
      },
      "Rebus": {
        "type": "Transitive",
        "resolved": "8.8.0",
        "contentHash": "bfnybaR2o1cJMoFKpVl4nPP+3H/Y51fTheNJgIzHXXUb24zjd8x7gDDozs1XpYMfpc9q56tKjV2umbWz9GdM9A==",
        "dependencies": {
          "Newtonsoft.Json": "[13.0.1, 14.0.0)"
        }
      },
      "Rebus.Microsoft.Extensions.Logging": {
        "type": "Transitive",
        "resolved": "5.1.0",
        "contentHash": "L0lvKPVi1UAv7F3f70H1nJ8IYHy2k8f4NRNnOVph9YlInT3e1wrzfotSie5TP2jmXk50VljMslSQCVxpD5tZwA==",
        "dependencies": {
          "Microsoft.Extensions.Logging.Abstractions": "[6.0.0, 10.0.0)",
          "Rebus": "8.0.1"
        }
      },
      "Rebus.ServiceProvider": {
        "type": "Transitive",
        "resolved": "10.3.0",
        "contentHash": "sYoAY3nUNVMPCD9wnTh6+iktbyjqyT+ORyv5CysmNvYnKJd/5C6bCPww52EY3fhiQKjuNExu4I8qUN8F7NSMnQ==",
        "dependencies": {
          "Microsoft.Extensions.DependencyInjection": "[8.0.0, 10.0.0)",
          "Microsoft.Extensions.Hosting.Abstractions": "[6.0.0, 10.0.0)",
          "Microsoft.Extensions.Logging.Abstractions": "[6.0.0, 10.0.0)",
          "Rebus": "8.0.1"
        }
      },
      "Shouldly": {
        "type": "Transitive",
        "resolved": "4.3.0",
        "contentHash": "sDetrWXrl6YXZ4HeLsdBoNk3uIa7K+V4uvIJ+cqdRa5DrFxeTED7VkjoxCuU1kJWpUuBDZz2QXFzSxBtVXLwRQ==",
        "dependencies": {
          "DiffEngine": "11.3.0",
          "EmptyFiles": "4.4.0"
        }
      },
      "SimpleInfoName": {
        "type": "Transitive",
        "resolved": "3.1.2",
        "contentHash": "/OoEZQxSW6DeTJ9nfrg8BLCOCWpxBiWHV4NkG3t+Xpe8tvzm7yCwKwxkhpauMl3fg9OjlIjJMKX61H6VavLkrw=="
      },
      "System.CodeDom": {
        "type": "Transitive",
        "resolved": "8.0.0",
        "contentHash": "WTlRjL6KWIMr/pAaq3rYqh0TJlzpouaQ/W1eelssHgtlwHAH25jXTkUphTYx9HaIIf7XA6qs/0+YhtLEQRkJ+Q=="
      },
      "System.CommandLine": {
        "type": "Transitive",
        "resolved": "2.0.0-beta5.25306.1",
        "contentHash": "ce0wuowuh13Cd7GXqLCq77/YWlxQMxrVCMIO/2/QUP6CdP/JWnlYSN/N3/55wwGsUwa9CvPuT8ddjgyypUr5ag=="
      },
      "System.Diagnostics.DiagnosticSource": {
        "type": "Transitive",
        "resolved": "8.0.1",
        "contentHash": "vaoWjvkG1aenR2XdjaVivlCV9fADfgyhW5bZtXT23qaEea0lWiUljdQuze4E31vKM7ZWJaSUsbYIKE3rnzfZUg=="
      },
      "System.Diagnostics.EventLog": {
        "type": "Transitive",
        "resolved": "6.0.0",
        "contentHash": "lcyUiXTsETK2ALsZrX+nWuHSIQeazhqPphLfaRxzdGaG93+0kELqpgEHtwWOlQe7+jSFnKwaCAgL4kjeZCQJnw=="
      },
      "System.IdentityModel.Tokens.Jwt": {
        "type": "Transitive",
        "resolved": "8.12.1",
        "contentHash": "jlYdVOJrdeyD80ppEqKJ8BhJdrV3MjeA+seURdhC0DnD41GyUA9Ik+P7Sb571ufVVCYIx93GjeqVvY3QyQxZAA==",
        "dependencies": {
          "Microsoft.IdentityModel.JsonWebTokens": "8.12.1",
          "Microsoft.IdentityModel.Tokens": "8.12.1"
        }
      },
      "System.Management": {
        "type": "Transitive",
        "resolved": "8.0.0",
        "contentHash": "jrK22i5LRzxZCfGb+tGmke2VH7oE0DvcDlJ1HAKYU8cPmD8XnpUT0bYn2Gy98GEhGjtfbR/sxKTVb+dE770pfA==",
        "dependencies": {
          "System.CodeDom": "8.0.0"
        }
      },
      "System.Memory": {
        "type": "Transitive",
        "resolved": "4.5.5",
        "contentHash": "XIWiDvKPXaTveaB7HVganDlOCRoj03l+jrwNvcge/t8vhGYKvqV+dMv6G4SAX2NoNmN0wZfVPTAlFwZcZvVOUw=="
      },
      "System.Threading.Tasks.Extensions": {
        "type": "Transitive",
        "resolved": "4.5.4",
        "contentHash": "zteT+G8xuGu6mS+mzDzYXbzS7rd3K6Fjb9RiZlYlJPam2/hU7JCBZBVEcywNuR+oZ1ncTvc/cq0faRr3P01OVg=="
      },
      "Verify": {
        "type": "Transitive",
        "resolved": "30.4.0",
        "contentHash": "ZoPOO21Dm3GS3V1fYeEcedCJdk5XS4X6mYBwQk+813QFkPLNr4/EvCDtGXH2NrFXtmWhu0WiIiiLMa0cZ7ynqQ==",
        "dependencies": {
          "Argon": "0.30.1",
          "DiffEngine": "16.2.3",
          "SimpleInfoName": "3.1.2"
        }
      },
      "Verify.NodaTime": {
        "type": "Transitive",
        "resolved": "2.3.0",
        "contentHash": "N3V33/billPl98Y7dl/76baI+ic/ztmmvpkun38TZLsxW/6bqlFyrFx61ZS/86WZah/3QTKnNSyl+ao4WrPhJw==",
        "dependencies": {
          "Argon.NodaTime": "0.30.1",
          "NodaTime": "3.2.2",
          "Verify": "30.4.0"
        }
      },
      "Verify.SystemJson": {
        "type": "Transitive",
        "resolved": "1.4.1",
        "contentHash": "VQPMunwb3DBENnqfhC7ipx0M22IttEeZntomHgRgtwoCzpagLG48bx8EhK8iYD9IwI0QKAK0S/Lx3TMgFhVi8w==",
        "dependencies": {
          "Verify": "28.2.1"
        }
      },
      "easydesk.cleanarchitecture.application": {
        "type": "Project",
        "dependencies": {
          "EasyDesk.CleanArchitecture.DependencyInjection": "[1.0.0, )",
          "EasyDesk.CleanArchitecture.Domain": "[1.0.0, )",
          "EasyDesk.Extensions.DependencyInjection": "[1.0.0, )",
          "FluentValidation.DependencyInjectionExtensions": "[12.0.0, )",
          "Microsoft.Extensions.Hosting.Abstractions": "[9.0.7, )",
          "Microsoft.Extensions.Logging.Abstractions": "[9.0.7, )",
          "NodaTime.Serialization.SystemTextJson": "[1.3.0, )"
        }
      },
      "easydesk.cleanarchitecture.dependencyinjection": {
        "type": "Project",
        "dependencies": {
          "Autofac.Extensions.DependencyInjection": "[10.0.0, )",
          "EasyDesk.Extensions.DependencyInjection": "[1.0.0, )",
          "NodaTime": "[3.2.2, )",
          "System.CommandLine": "[2.0.0-beta5.25306.1, )"
        }
      },
      "easydesk.cleanarchitecture.domain": {
        "type": "Project",
        "dependencies": {
          "EasyDesk.Commons": "[1.0.0, )",
          "FluentValidation": "[12.0.0, )",
          "NodaTime": "[3.2.2, )"
        }
      },
      "easydesk.cleanarchitecture.infrastructure": {
        "type": "Project",
        "dependencies": {
          "EasyDesk.CleanArchitecture.Application": "[1.0.0, )",
          "EasyDesk.Extensions.Configuration": "[1.0.0, )",
          "Microsoft.AspNet.WebApi.Client": "[6.0.0, )",
          "Microsoft.AspNetCore.Authentication.JwtBearer": "[9.0.7, )",
          "Rebus": "[8.8.0, )",
          "Rebus.Microsoft.Extensions.Logging": "[5.1.0, )",
          "Rebus.ServiceProvider": "[10.3.0, )",
          "System.IdentityModel.Tokens.Jwt": "[8.12.1, )"
        }
      },
      "easydesk.commons": {
        "type": "Project"
      },
      "easydesk.extensions.configuration": {
        "type": "Project",
        "dependencies": {
          "EasyDesk.Commons": "[1.0.0, )",
          "Microsoft.Extensions.Configuration.Binder": "[9.0.7, )"
        }
      },
      "easydesk.extensions.dependencyinjection": {
        "type": "Project",
        "dependencies": {
          "Autofac": "[8.3.0, )",
          "EasyDesk.Commons": "[1.0.0, )",
          "Microsoft.Extensions.DependencyInjection.Abstractions": "[9.0.7, )"
        }
      },
      "easydesk.testing": {
        "type": "Project",
        "dependencies": {
          "EasyDesk.Commons": "[1.0.0, )",
          "Microsoft.Extensions.DependencyInjection": "[9.0.7, )",
          "NSubstitute": "[5.3.0, )",
          "Shouldly": "[4.3.0, )",
          "Verify": "[30.4.0, )",
          "Verify.NodaTime": "[2.3.0, )",
          "Verify.SystemJson": "[1.4.1, )"
        }
      }
    }
  }
}