Microsoft Visual Studio Solution File, Format Version 12.00
# Visual Studio Version 18
VisualStudioVersion = 18.0.11217.181 d18.0
MinimumVisualStudioVersion = 10.0.40219.1
Project("{2150E333-8FDC-42A3-9474-1A3956D46DE8}") = "src", "src", "{B4CAD0C5-8ACD-4DAC-B837-45F732ABA436}"
EndProject
Project("{2150E333-8FDC-42A3-9474-1A3956D46DE8}") = "test", "test", "{787D543E-56F2-4B79-8587-C7AE646D0D07}"
	ProjectSection(SolutionItems) = preProject
		test\Directory.Build.props = test\Directory.Build.props
	EndProjectSection
EndProject
Project("{2150E333-8FDC-42A3-9474-1A3956D46DE8}") = "utils", "utils", "{DA0FBFB1-B2B7-480D-8CC2-B051A0EA65DA}"
	ProjectSection(SolutionItems) = preProject
		.editorconfig = .editorconfig
		.gitattributes = .gitattributes
		.gitignore = .gitignore
		.github\workflows\ci.yml = .github\workflows\ci.yml
		.github\workflows\codeql.yml = .github\workflows\codeql.yml
		.github\dependabot.yml = .github\dependabot.yml
		Directory.Build.props = Directory.Build.props
		global.json = global.json
		Linter.targets = Linter.targets
		migrate.sh = migrate.sh
		Packaging.targets = Packaging.targets
	EndProjectSection
EndProject
Project("{9A19103F-16F7-4668-BE54-9A1E7A4F7556}") = "EasyDesk.CleanArchitecture.Application", "src\ca\EasyDesk.CleanArchitecture.Application\EasyDesk.CleanArchitecture.Application.csproj", "{546D35C2-DC50-4EDF-A3AA-8C1464235FB9}"
EndProject
Project("{9A19103F-16F7-4668-BE54-9A1E7A4F7556}") = "EasyDesk.CleanArchitecture.Web", "src\ca\EasyDesk.CleanArchitecture.Web\EasyDesk.CleanArchitecture.Web.csproj", "{EB032800-8341-450A-90AD-60D1744946C0}"
EndProject
Project("{9A19103F-16F7-4668-BE54-9A1E7A4F7556}") = "EasyDesk.CleanArchitecture.Infrastructure", "src\ca\EasyDesk.CleanArchitecture.Infrastructure\EasyDesk.CleanArchitecture.Infrastructure.csproj", "{6A0FED26-3747-4B8A-A32E-B7AD53676F8E}"
EndProject
Project("{9A19103F-16F7-4668-BE54-9A1E7A4F7556}") = "EasyDesk.CleanArchitecture.Dal.EfCore", "src\ca\EasyDesk.CleanArchitecture.Dal.EfCore\EasyDesk.CleanArchitecture.Dal.EfCore.csproj", "{1C075375-2764-4C5B-904A-EA42E5FED836}"
EndProject
Project("{9A19103F-16F7-4668-BE54-9A1E7A4F7556}") = "EasyDesk.CleanArchitecture.Testing.Unit", "src\ca\EasyDesk.CleanArchitecture.Testing.Unit\EasyDesk.CleanArchitecture.Testing.Unit.csproj", "{188330AE-81F0-4169-B35B-B49AB5B2A0E3}"
EndProject
Project("{9A19103F-16F7-4668-BE54-9A1E7A4F7556}") = "EasyDesk.CleanArchitecture.Domain", "src\ca\EasyDesk.CleanArchitecture.Domain\EasyDesk.CleanArchitecture.Domain.csproj", "{FCD36A82-ACA8-45B5-96F1-DA6F3E4C1744}"
EndProject
Project("{2150E333-8FDC-42A3-9474-1A3956D46DE8}") = "sample", "sample", "{33B73B08-BCF2-49AA-BAA0-57CD06202AD1}"
	ProjectSection(SolutionItems) = preProject
		src\sample\Directory.Build.props = src\sample\Directory.Build.props
		docker-compose.yml = docker-compose.yml
	EndProjectSection
EndProject
Project("{2150E333-8FDC-42A3-9474-1A3956D46DE8}") = "data-access", "data-access", "{00DB6729-9D39-4965-83BA-4C8B6E47F7EE}"
EndProject
Project("{9A19103F-16F7-4668-BE54-9A1E7A4F7556}") = "EasyDesk.CleanArchitecture.DependencyInjection", "src\ca\EasyDesk.CleanArchitecture.DependencyInjection\EasyDesk.CleanArchitecture.DependencyInjection.csproj", "{03B1D919-F923-454B-8AE5-B134FD25089E}"
EndProject
Project("{9A19103F-16F7-4668-BE54-9A1E7A4F7556}") = "EasyDesk.CleanArchitecture.Dal.SqlServer", "src\ca\EasyDesk.CleanArchitecture.Dal.SqlServer\EasyDesk.CleanArchitecture.Dal.SqlServer.csproj", "{5067CEA4-6D9B-4858-8EE7-AFB01E62A473}"
EndProject
Project("{9A19103F-16F7-4668-BE54-9A1E7A4F7556}") = "EasyDesk.CleanArchitecture.Dal.PostgreSql", "src\ca\EasyDesk.CleanArchitecture.Dal.PostgreSql\EasyDesk.CleanArchitecture.Dal.PostgreSql.csproj", "{25A95564-A7A1-49D7-BD3D-257D7BED374E}"
EndProject
Project("{2150E333-8FDC-42A3-9474-1A3956D46DE8}") = "testing", "testing", "{7A5F7C36-40F3-440F-8129-B8E69AE089AF}"
EndProject
Project("{9A19103F-16F7-4668-BE54-9A1E7A4F7556}") = "EasyDesk.CleanArchitecture.Testing.Integration", "src\ca\EasyDesk.CleanArchitecture.Testing.Integration\EasyDesk.CleanArchitecture.Testing.Integration.csproj", "{1A04713D-D24B-459D-BA60-92D4DE29AF44}"
EndProject
Project("{2150E333-8FDC-42A3-9474-1A3956D46DE8}") = "ca", "ca", "{D4D33641-F8A6-4815-9E23-7C998FD138DF}"
EndProject
Project("{2150E333-8FDC-42A3-9474-1A3956D46DE8}") = "commons", "commons", "{97BF71BF-3D5F-4C80-BA10-5F5ED720394C}"
EndProject
Project("{9A19103F-16F7-4668-BE54-9A1E7A4F7556}") = "EasyDesk.Commons", "src\commons\EasyDesk.Commons\EasyDesk.Commons.csproj", "{76F06F7D-3226-457C-A3BA-AF367E3AF8B1}"
EndProject
Project("{9A19103F-16F7-4668-BE54-9A1E7A4F7556}") = "EasyDesk.Testing", "src\commons\EasyDesk.Testing\EasyDesk.Testing.csproj", "{0CBDFFC0-B812-45AB-89B3-986295737655}"
EndProject
Project("{9A19103F-16F7-4668-BE54-9A1E7A4F7556}") = "EasyDesk.SampleApp.Application", "src\sample\EasyDesk.SampleApp.Application\EasyDesk.SampleApp.Application.csproj", "{052F3213-EE5D-4FA3-AFFE-A4173BA4CE43}"
EndProject
Project("{9A19103F-16F7-4668-BE54-9A1E7A4F7556}") = "EasyDesk.SampleApp.Domain", "src\sample\EasyDesk.SampleApp.Domain\EasyDesk.SampleApp.Domain.csproj", "{6CFEF8A1-E56A-4DED-A489-1F317026FB5C}"
EndProject
Project("{9A19103F-16F7-4668-BE54-9A1E7A4F7556}") = "EasyDesk.SampleApp.Infrastructure", "src\sample\EasyDesk.SampleApp.Infrastructure\EasyDesk.SampleApp.Infrastructure.csproj", "{DC797B39-4A1C-4ED4-9D42-EDC9EAFA72D2}"
EndProject
Project("{9A19103F-16F7-4668-BE54-9A1E7A4F7556}") = "EasyDesk.SampleApp.Web", "src\sample\EasyDesk.SampleApp.Web\EasyDesk.SampleApp.Web.csproj", "{900E5CFB-0489-49F5-B782-E6458730C07A}"
EndProject
Project("{2150E333-8FDC-42A3-9474-1A3956D46DE8}") = "ca", "ca", "{6591E657-12BE-4843-8AA7-91BA1B701CB1}"
EndProject
Project("{2150E333-8FDC-42A3-9474-1A3956D46DE8}") = "commons", "commons", "{838D7C39-3F68-42F7-AD7C-AFD46A0819D9}"
EndProject
Project("{9A19103F-16F7-4668-BE54-9A1E7A4F7556}") = "EasyDesk.CleanArchitecture.IntegrationTests", "test\ca\EasyDesk.CleanArchitecture.IntegrationTests\EasyDesk.CleanArchitecture.IntegrationTests.csproj", "{3C9760BE-2485-46C4-A476-9A628EAD8FAC}"
EndProject
Project("{9A19103F-16F7-4668-BE54-9A1E7A4F7556}") = "EasyDesk.CleanArchitecture.UnitTests", "test\ca\EasyDesk.CleanArchitecture.UnitTests\EasyDesk.CleanArchitecture.UnitTests.csproj", "{149D333B-3A13-47C7-BC21-099964B17AB3}"
EndProject
Project("{9A19103F-16F7-4668-BE54-9A1E7A4F7556}") = "EasyDesk.Testing.UnitTests", "test\commons\EasyDesk.Testing.UnitTests\EasyDesk.Testing.UnitTests.csproj", "{873D221F-FEAC-491F-8164-E7DD21DFC77F}"
EndProject
Project("{9A19103F-16F7-4668-BE54-9A1E7A4F7556}") = "EasyDesk.Commons.UnitTests", "test\commons\EasyDesk.Commons.UnitTests\EasyDesk.Commons.UnitTests.csproj", "{7101B394-4CE6-4471-BEEB-5FC0A90B5E5A}"
EndProject
Project("{9A19103F-16F7-4668-BE54-9A1E7A4F7556}") = "EasyDesk.Extensions.Configuration", "src\commons\EasyDesk.Extensions.Configuration\EasyDesk.Extensions.Configuration.csproj", "{D7E9428C-B858-4B97-B61A-2722410A47B5}"
EndProject
Project("{9A19103F-16F7-4668-BE54-9A1E7A4F7556}") = "EasyDesk.Extensions.Configuration.UnitTests", "test\commons\EasyDesk.Extensions.Configuration.UnitTests\EasyDesk.Extensions.Configuration.UnitTests.csproj", "{C302FCAE-729D-41AC-AB1B-588E9762305C}"
EndProject
Project("{FAE04EC0-301F-11D3-BF4B-00C04F79EFBC}") = "EasyDesk.Extensions.DependencyInjection", "src\commons\EasyDesk.Extensions.DependencyInjection\EasyDesk.Extensions.DependencyInjection.csproj", "{69E83F25-FDCA-4467-A73A-94A281AE4DDB}"
EndProject
Project("{FAE04EC0-301F-11D3-BF4B-00C04F79EFBC}") = "EasyDesk.SampleHostApp.Service", "src\sample\EasyDesk.SampleHostApp.Service\EasyDesk.SampleHostApp.Service.csproj", "{F6490371-3EA3-4E94-BA9C-9BB4FC7D57EA}"
EndProject
Global
	GlobalSection(SolutionConfigurationPlatforms) = preSolution
		Debug|Any CPU = Debug|Any CPU
		Release|Any CPU = Release|Any CPU
	EndGlobalSection
	GlobalSection(ProjectConfigurationPlatforms) = postSolution
		{546D35C2-DC50-4EDF-A3AA-8C1464235FB9}.Debug|Any CPU.ActiveCfg = Debug|Any CPU
		{546D35C2-DC50-4EDF-A3AA-8C1464235FB9}.Debug|Any CPU.Build.0 = Debug|Any CPU
		{546D35C2-DC50-4EDF-A3AA-8C1464235FB9}.Release|Any CPU.ActiveCfg = Release|Any CPU
		{546D35C2-DC50-4EDF-A3AA-8C1464235FB9}.Release|Any CPU.Build.0 = Release|Any CPU
		{EB032800-8341-450A-90AD-60D1744946C0}.Debug|Any CPU.ActiveCfg = Debug|Any CPU
		{EB032800-8341-450A-90AD-60D1744946C0}.Debug|Any CPU.Build.0 = Debug|Any CPU
		{EB032800-8341-450A-90AD-60D1744946C0}.Release|Any CPU.ActiveCfg = Release|Any CPU
		{EB032800-8341-450A-90AD-60D1744946C0}.Release|Any CPU.Build.0 = Release|Any CPU
		{6A0FED26-3747-4B8A-A32E-B7AD53676F8E}.Debug|Any CPU.ActiveCfg = Debug|Any CPU
		{6A0FED26-3747-4B8A-A32E-B7AD53676F8E}.Debug|Any CPU.Build.0 = Debug|Any CPU
		{6A0FED26-3747-4B8A-A32E-B7AD53676F8E}.Release|Any CPU.ActiveCfg = Release|Any CPU
		{6A0FED26-3747-4B8A-A32E-B7AD53676F8E}.Release|Any CPU.Build.0 = Release|Any CPU
		{1C075375-2764-4C5B-904A-EA42E5FED836}.Debug|Any CPU.ActiveCfg = Debug|Any CPU
		{1C075375-2764-4C5B-904A-EA42E5FED836}.Debug|Any CPU.Build.0 = Debug|Any CPU
		{1C075375-2764-4C5B-904A-EA42E5FED836}.Release|Any CPU.ActiveCfg = Release|Any CPU
		{1C075375-2764-4C5B-904A-EA42E5FED836}.Release|Any CPU.Build.0 = Release|Any CPU
		{188330AE-81F0-4169-B35B-B49AB5B2A0E3}.Debug|Any CPU.ActiveCfg = Debug|Any CPU
		{188330AE-81F0-4169-B35B-B49AB5B2A0E3}.Debug|Any CPU.Build.0 = Debug|Any CPU
		{188330AE-81F0-4169-B35B-B49AB5B2A0E3}.Release|Any CPU.ActiveCfg = Release|Any CPU
		{188330AE-81F0-4169-B35B-B49AB5B2A0E3}.Release|Any CPU.Build.0 = Release|Any CPU
		{FCD36A82-ACA8-45B5-96F1-DA6F3E4C1744}.Debug|Any CPU.ActiveCfg = Debug|Any CPU
		{FCD36A82-ACA8-45B5-96F1-DA6F3E4C1744}.Debug|Any CPU.Build.0 = Debug|Any CPU
		{FCD36A82-ACA8-45B5-96F1-DA6F3E4C1744}.Release|Any CPU.ActiveCfg = Release|Any CPU
		{FCD36A82-ACA8-45B5-96F1-DA6F3E4C1744}.Release|Any CPU.Build.0 = Release|Any CPU
		{03B1D919-F923-454B-8AE5-B134FD25089E}.Debug|Any CPU.ActiveCfg = Debug|Any CPU
		{03B1D919-F923-454B-8AE5-B134FD25089E}.Debug|Any CPU.Build.0 = Debug|Any CPU
		{03B1D919-F923-454B-8AE5-B134FD25089E}.Release|Any CPU.ActiveCfg = Release|Any CPU
		{03B1D919-F923-454B-8AE5-B134FD25089E}.Release|Any CPU.Build.0 = Release|Any CPU
		{5067CEA4-6D9B-4858-8EE7-AFB01E62A473}.Debug|Any CPU.ActiveCfg = Debug|Any CPU
		{5067CEA4-6D9B-4858-8EE7-AFB01E62A473}.Debug|Any CPU.Build.0 = Debug|Any CPU
		{5067CEA4-6D9B-4858-8EE7-AFB01E62A473}.Release|Any CPU.ActiveCfg = Release|Any CPU
		{5067CEA4-6D9B-4858-8EE7-AFB01E62A473}.Release|Any CPU.Build.0 = Release|Any CPU
		{25A95564-A7A1-49D7-BD3D-257D7BED374E}.Debug|Any CPU.ActiveCfg = Debug|Any CPU
		{25A95564-A7A1-49D7-BD3D-257D7BED374E}.Debug|Any CPU.Build.0 = Debug|Any CPU
		{25A95564-A7A1-49D7-BD3D-257D7BED374E}.Release|Any CPU.ActiveCfg = Release|Any CPU
		{25A95564-A7A1-49D7-BD3D-257D7BED374E}.Release|Any CPU.Build.0 = Release|Any CPU
		{1A04713D-D24B-459D-BA60-92D4DE29AF44}.Debug|Any CPU.ActiveCfg = Debug|Any CPU
		{1A04713D-D24B-459D-BA60-92D4DE29AF44}.Debug|Any CPU.Build.0 = Debug|Any CPU
		{1A04713D-D24B-459D-BA60-92D4DE29AF44}.Release|Any CPU.ActiveCfg = Release|Any CPU
		{1A04713D-D24B-459D-BA60-92D4DE29AF44}.Release|Any CPU.Build.0 = Release|Any CPU
		{76F06F7D-3226-457C-A3BA-AF367E3AF8B1}.Debug|Any CPU.ActiveCfg = Debug|Any CPU
		{76F06F7D-3226-457C-A3BA-AF367E3AF8B1}.Debug|Any CPU.Build.0 = Debug|Any CPU
		{76F06F7D-3226-457C-A3BA-AF367E3AF8B1}.Release|Any CPU.ActiveCfg = Release|Any CPU
		{76F06F7D-3226-457C-A3BA-AF367E3AF8B1}.Release|Any CPU.Build.0 = Release|Any CPU
		{0CBDFFC0-B812-45AB-89B3-986295737655}.Debug|Any CPU.ActiveCfg = Debug|Any CPU
		{0CBDFFC0-B812-45AB-89B3-986295737655}.Debug|Any CPU.Build.0 = Debug|Any CPU
		{0CBDFFC0-B812-45AB-89B3-986295737655}.Release|Any CPU.ActiveCfg = Release|Any CPU
		{0CBDFFC0-B812-45AB-89B3-986295737655}.Release|Any CPU.Build.0 = Release|Any CPU
		{052F3213-EE5D-4FA3-AFFE-A4173BA4CE43}.Debug|Any CPU.ActiveCfg = Debug|Any CPU
		{052F3213-EE5D-4FA3-AFFE-A4173BA4CE43}.Debug|Any CPU.Build.0 = Debug|Any CPU
		{052F3213-EE5D-4FA3-AFFE-A4173BA4CE43}.Release|Any CPU.ActiveCfg = Release|Any CPU
		{052F3213-EE5D-4FA3-AFFE-A4173BA4CE43}.Release|Any CPU.Build.0 = Release|Any CPU
		{6CFEF8A1-E56A-4DED-A489-1F317026FB5C}.Debug|Any CPU.ActiveCfg = Debug|Any CPU
		{6CFEF8A1-E56A-4DED-A489-1F317026FB5C}.Debug|Any CPU.Build.0 = Debug|Any CPU
		{6CFEF8A1-E56A-4DED-A489-1F317026FB5C}.Release|Any CPU.ActiveCfg = Release|Any CPU
		{6CFEF8A1-E56A-4DED-A489-1F317026FB5C}.Release|Any CPU.Build.0 = Release|Any CPU
		{DC797B39-4A1C-4ED4-9D42-EDC9EAFA72D2}.Debug|Any CPU.ActiveCfg = Debug|Any CPU
		{DC797B39-4A1C-4ED4-9D42-EDC9EAFA72D2}.Debug|Any CPU.Build.0 = Debug|Any CPU
		{DC797B39-4A1C-4ED4-9D42-EDC9EAFA72D2}.Release|Any CPU.ActiveCfg = Release|Any CPU
		{DC797B39-4A1C-4ED4-9D42-EDC9EAFA72D2}.Release|Any CPU.Build.0 = Release|Any CPU
		{900E5CFB-0489-49F5-B782-E6458730C07A}.Debug|Any CPU.ActiveCfg = Debug|Any CPU
		{900E5CFB-0489-49F5-B782-E6458730C07A}.Debug|Any CPU.Build.0 = Debug|Any CPU
		{900E5CFB-0489-49F5-B782-E6458730C07A}.Release|Any CPU.ActiveCfg = Release|Any CPU
		{900E5CFB-0489-49F5-B782-E6458730C07A}.Release|Any CPU.Build.0 = Release|Any CPU
		{3C9760BE-2485-46C4-A476-9A628EAD8FAC}.Debug|Any CPU.ActiveCfg = Debug|Any CPU
		{3C9760BE-2485-46C4-A476-9A628EAD8FAC}.Debug|Any CPU.Build.0 = Debug|Any CPU
		{3C9760BE-2485-46C4-A476-9A628EAD8FAC}.Release|Any CPU.ActiveCfg = Release|Any CPU
		{3C9760BE-2485-46C4-A476-9A628EAD8FAC}.Release|Any CPU.Build.0 = Release|Any CPU
		{149D333B-3A13-47C7-BC21-099964B17AB3}.Debug|Any CPU.ActiveCfg = Debug|Any CPU
		{149D333B-3A13-47C7-BC21-099964B17AB3}.Debug|Any CPU.Build.0 = Debug|Any CPU
		{149D333B-3A13-47C7-BC21-099964B17AB3}.Release|Any CPU.ActiveCfg = Release|Any CPU
		{149D333B-3A13-47C7-BC21-099964B17AB3}.Release|Any CPU.Build.0 = Release|Any CPU
		{873D221F-FEAC-491F-8164-E7DD21DFC77F}.Debug|Any CPU.ActiveCfg = Debug|Any CPU
		{873D221F-FEAC-491F-8164-E7DD21DFC77F}.Debug|Any CPU.Build.0 = Debug|Any CPU
		{873D221F-FEAC-491F-8164-E7DD21DFC77F}.Release|Any CPU.ActiveCfg = Release|Any CPU
		{873D221F-FEAC-491F-8164-E7DD21DFC77F}.Release|Any CPU.Build.0 = Release|Any CPU
		{7101B394-4CE6-4471-BEEB-5FC0A90B5E5A}.Debug|Any CPU.ActiveCfg = Debug|Any CPU
		{7101B394-4CE6-4471-BEEB-5FC0A90B5E5A}.Debug|Any CPU.Build.0 = Debug|Any CPU
		{7101B394-4CE6-4471-BEEB-5FC0A90B5E5A}.Release|Any CPU.ActiveCfg = Release|Any CPU
		{7101B394-4CE6-4471-BEEB-5FC0A90B5E5A}.Release|Any CPU.Build.0 = Release|Any CPU
		{D7E9428C-B858-4B97-B61A-2722410A47B5}.Debug|Any CPU.ActiveCfg = Debug|Any CPU
		{D7E9428C-B858-4B97-B61A-2722410A47B5}.Debug|Any CPU.Build.0 = Debug|Any CPU
		{D7E9428C-B858-4B97-B61A-2722410A47B5}.Release|Any CPU.ActiveCfg = Release|Any CPU
		{D7E9428C-B858-4B97-B61A-2722410A47B5}.Release|Any CPU.Build.0 = Release|Any CPU
		{C302FCAE-729D-41AC-AB1B-588E9762305C}.Debug|Any CPU.ActiveCfg = Debug|Any CPU
		{C302FCAE-729D-41AC-AB1B-588E9762305C}.Debug|Any CPU.Build.0 = Debug|Any CPU
		{C302FCAE-729D-41AC-AB1B-588E9762305C}.Release|Any CPU.ActiveCfg = Release|Any CPU
		{C302FCAE-729D-41AC-AB1B-588E9762305C}.Release|Any CPU.Build.0 = Release|Any CPU
		{69E83F25-FDCA-4467-A73A-94A281AE4DDB}.Debug|Any CPU.ActiveCfg = Debug|Any CPU
		{69E83F25-FDCA-4467-A73A-94A281AE4DDB}.Debug|Any CPU.Build.0 = Debug|Any CPU
		{69E83F25-FDCA-4467-A73A-94A281AE4DDB}.Release|Any CPU.ActiveCfg = Release|Any CPU
		{69E83F25-FDCA-4467-A73A-94A281AE4DDB}.Release|Any CPU.Build.0 = Release|Any CPU
		{F6490371-3EA3-4E94-BA9C-9BB4FC7D57EA}.Debug|Any CPU.ActiveCfg = Debug|Any CPU
		{F6490371-3EA3-4E94-BA9C-9BB4FC7D57EA}.Debug|Any CPU.Build.0 = Debug|Any CPU
		{F6490371-3EA3-4E94-BA9C-9BB4FC7D57EA}.Release|Any CPU.ActiveCfg = Release|Any CPU
		{F6490371-3EA3-4E94-BA9C-9BB4FC7D57EA}.Release|Any CPU.Build.0 = Release|Any CPU
	EndGlobalSection
	GlobalSection(SolutionProperties) = preSolution
		HideSolutionNode = FALSE
	EndGlobalSection
	GlobalSection(NestedProjects) = preSolution
		{546D35C2-DC50-4EDF-A3AA-8C1464235FB9} = {D4D33641-F8A6-4815-9E23-7C998FD138DF}
		{EB032800-8341-450A-90AD-60D1744946C0} = {D4D33641-F8A6-4815-9E23-7C998FD138DF}
		{6A0FED26-3747-4B8A-A32E-B7AD53676F8E} = {D4D33641-F8A6-4815-9E23-7C998FD138DF}
		{1C075375-2764-4C5B-904A-EA42E5FED836} = {00DB6729-9D39-4965-83BA-4C8B6E47F7EE}
		{188330AE-81F0-4169-B35B-B49AB5B2A0E3} = {7A5F7C36-40F3-440F-8129-B8E69AE089AF}
		{FCD36A82-ACA8-45B5-96F1-DA6F3E4C1744} = {D4D33641-F8A6-4815-9E23-7C998FD138DF}
		{33B73B08-BCF2-49AA-BAA0-57CD06202AD1} = {B4CAD0C5-8ACD-4DAC-B837-45F732ABA436}
		{00DB6729-9D39-4965-83BA-4C8B6E47F7EE} = {D4D33641-F8A6-4815-9E23-7C998FD138DF}
		{03B1D919-F923-454B-8AE5-B134FD25089E} = {D4D33641-F8A6-4815-9E23-7C998FD138DF}
		{5067CEA4-6D9B-4858-8EE7-AFB01E62A473} = {00DB6729-9D39-4965-83BA-4C8B6E47F7EE}
		{25A95564-A7A1-49D7-BD3D-257D7BED374E} = {00DB6729-9D39-4965-83BA-4C8B6E47F7EE}
		{7A5F7C36-40F3-440F-8129-B8E69AE089AF} = {D4D33641-F8A6-4815-9E23-7C998FD138DF}
		{1A04713D-D24B-459D-BA60-92D4DE29AF44} = {7A5F7C36-40F3-440F-8129-B8E69AE089AF}
		{D4D33641-F8A6-4815-9E23-7C998FD138DF} = {B4CAD0C5-8ACD-4DAC-B837-45F732ABA436}
		{97BF71BF-3D5F-4C80-BA10-5F5ED720394C} = {B4CAD0C5-8ACD-4DAC-B837-45F732ABA436}
		{76F06F7D-3226-457C-A3BA-AF367E3AF8B1} = {97BF71BF-3D5F-4C80-BA10-5F5ED720394C}
		{0CBDFFC0-B812-45AB-89B3-986295737655} = {97BF71BF-3D5F-4C80-BA10-5F5ED720394C}
		{052F3213-EE5D-4FA3-AFFE-A4173BA4CE43} = {33B73B08-BCF2-49AA-BAA0-57CD06202AD1}
		{6CFEF8A1-E56A-4DED-A489-1F317026FB5C} = {33B73B08-BCF2-49AA-BAA0-57CD06202AD1}
		{DC797B39-4A1C-4ED4-9D42-EDC9EAFA72D2} = {33B73B08-BCF2-49AA-BAA0-57CD06202AD1}
		{900E5CFB-0489-49F5-B782-E6458730C07A} = {33B73B08-BCF2-49AA-BAA0-57CD06202AD1}
		{6591E657-12BE-4843-8AA7-91BA1B701CB1} = {787D543E-56F2-4B79-8587-C7AE646D0D07}
		{838D7C39-3F68-42F7-AD7C-AFD46A0819D9} = {787D543E-56F2-4B79-8587-C7AE646D0D07}
		{3C9760BE-2485-46C4-A476-9A628EAD8FAC} = {6591E657-12BE-4843-8AA7-91BA1B701CB1}
		{149D333B-3A13-47C7-BC21-099964B17AB3} = {6591E657-12BE-4843-8AA7-91BA1B701CB1}
		{873D221F-FEAC-491F-8164-E7DD21DFC77F} = {838D7C39-3F68-42F7-AD7C-AFD46A0819D9}
		{7101B394-4CE6-4471-BEEB-5FC0A90B5E5A} = {838D7C39-3F68-42F7-AD7C-AFD46A0819D9}
		{D7E9428C-B858-4B97-B61A-2722410A47B5} = {97BF71BF-3D5F-4C80-BA10-5F5ED720394C}
		{C302FCAE-729D-41AC-AB1B-588E9762305C} = {838D7C39-3F68-42F7-AD7C-AFD46A0819D9}
		{69E83F25-FDCA-4467-A73A-94A281AE4DDB} = {97BF71BF-3D5F-4C80-BA10-5F5ED720394C}
		{F6490371-3EA3-4E94-BA9C-9BB4FC7D57EA} = {33B73B08-BCF2-49AA-BAA0-57CD06202AD1}
	EndGlobalSection
	GlobalSection(ExtensibilityGlobals) = postSolution
		SolutionGuid = {D8D92860-D9D0-4987-985E-F151E0C54794}
	EndGlobalSection
EndGlobal
