{
  "version": 1,
  "dependencies": {
    "net6.0": {
      "StyleCop.Analyzers": {
        "type": "Direct",
        "requested": "[1.2.0-beta.354, )",
        "resolved": "1.2.0-beta.354",
        "contentHash": "oDSJNxnEvIzAQTkpkc/FnJP4dQ7TV6fHMsI+2ckU5DOaMiwiEfh1fawMsSqz2bCoNwbTt9lS6MgYvyVKujNJoA==",
        "dependencies": {
          "StyleCop.Analyzers.Unstable": "1.2.0.354"
        }
      },
      "EasyDesk.Tools": {
        "type": "Transitive",
        "resolved": "7.1.0",
        "contentHash": "Qbgc3GmK2ZRK/bufTl1IC3VPJs3i329MyDFeC9fYk2fHPt9TuKmylAq/eAbXvvxcDTpYk9WN1ckArEP+LbPYQQ=="
      },
      "NodaTime": {
        "type": "Transitive",
        "resolved": "3.1.0",
        "contentHash": "x5IqJNff9ITRaw83P8IbdudB1tpMDbTqdeVlppBx346ywmLj2ZhE+kf7GJfkCks1piJazxDr2+0EYKc7l1K2WA==",
        "dependencies": {
          "System.Runtime.CompilerServices.Unsafe": "4.7.1"
        }
      },
      "StyleCop.Analyzers.Unstable": {
        "type": "Transitive",
        "resolved": "1.2.0.354",
        "contentHash": "/3RlM31XbJ02gaWh7dVumWOyMvGHswb/zygGJXd9oEJMRyyYc/HFJlAC5gBPxvi9cB4CMvIyyUTmZz5VLKwTvg=="
      },
      "System.Runtime.CompilerServices.Unsafe": {
        "type": "Transitive",
        "resolved": "4.7.1",
        "contentHash": "zOHkQmzPCn5zm/BH+cxC1XbUS3P4Yoi3xzW7eRgVpDR2tPGSzyMZ17Ig1iRkfJuY0nhxkQQde8pgePNiA7z7TQ=="
      },
      "easydesk.cleanarchitecture.domain": {
        "type": "Project",
        "dependencies": {
          "EasyDesk.Tools": "[7.1.0, )",
          "NodaTime": "[3.1.0, )"
        }
      }
    }
  }
}