{
  "version": 1,
  "dependencies": {
    "net7.0": {
      "EasyDesk.Tools": {
        "type": "Direct",
        "requested": "[8.1.0, )",
        "resolved": "8.1.0",
        "contentHash": "LnH7XzYhze8KGIimv9J8St34H6h3P3t0Or5HrCNFgZTHQV4l1eOnZjJLer2XrDFNGAVTlrxQGkOE/kSKJ9obxg=="
      },
      "StyleCop.Analyzers": {
        "type": "Direct",
        "requested": "[1.2.0-beta.435, )",
        "resolved": "1.2.0-beta.435",
        "contentHash": "TADk7vdGXtfTnYCV7GyleaaRTQjfoSfZXprQrVMm7cSJtJbFc1QIbWPyLvrgrfGdfHbGmUPvaN4ODKNxg2jgPQ==",
        "dependencies": {
          "StyleCop.Analyzers.Unstable": "1.2.0.435"
        }
      },
      "FluentValidation": {
        "type": "Transitive",
        "resolved": "11.5.1",
        "contentHash": "0h1Q5lNOLLyYTWMJmyNoMqhY4CBRvvUWvJP1R4F2CnmmzuWwvB0A8aVmw5+lOuwYnwUwCRrdeMLbc81F38ahNQ=="
      },
      "FluentValidation.DependencyInjectionExtensions": {
        "type": "Transitive",
        "resolved": "11.5.1",
        "contentHash": "iWM0LS1MDYX06pcjMEQKqHirl2zkjHlNV23mEJSoR1IZI7KQmTa0RcTtGEJpj5+iHvBCfrzP2mYKM4FtRKVb+A==",
        "dependencies": {
          "FluentValidation": "11.5.1",
          "Microsoft.Extensions.Dependencyinjection.Abstractions": "2.1.0"
        }
      },
      "Microsoft.Extensions.Configuration.Abstractions": {
        "type": "Transitive",
        "resolved": "7.0.0",
        "contentHash": "f34u2eaqIjNO9YLHBz8rozVZ+TcFiFs0F3r7nUJd7FRkVSxk8u4OpoK226mi49MwexHOR2ibP9MFvRUaLilcQQ==",
        "dependencies": {
          "Microsoft.Extensions.Primitives": "7.0.0"
        }
      },
      "Microsoft.Extensions.DependencyInjection.Abstractions": {
        "type": "Transitive",
        "resolved": "7.0.0",
        "contentHash": "h3j/QfmFN4S0w4C2A6X7arXij/M/OVw3uQHSOFxnND4DyAzO1F9eMX7Eti7lU/OkSthEE0WzRsfT/Dmx86jzCw=="
      },
      "Microsoft.Extensions.FileProviders.Abstractions": {
        "type": "Transitive",
        "resolved": "7.0.0",
        "contentHash": "NyawiW9ZT/liQb34k9YqBSNPLuuPkrjMgQZ24Y/xXX1RoiBkLUdPMaQTmxhZ5TYu8ZKZ9qayzil75JX95vGQUg==",
        "dependencies": {
          "Microsoft.Extensions.Primitives": "7.0.0"
        }
      },
      "Microsoft.Extensions.Hosting.Abstractions": {
        "type": "Transitive",
        "resolved": "7.0.0",
        "contentHash": "43n9Je09z0p/7ViPxfRqs5BUItRLNVh5b6JH40F2Agkh2NBsY/jpNYTtbCcxrHCsA3oRmbR6RJBzUutB4VZvNQ==",
        "dependencies": {
          "Microsoft.Extensions.Configuration.Abstractions": "7.0.0",
          "Microsoft.Extensions.DependencyInjection.Abstractions": "7.0.0",
          "Microsoft.Extensions.FileProviders.Abstractions": "7.0.0"
        }
      },
      "Microsoft.Extensions.Logging.Abstractions": {
        "type": "Transitive",
        "resolved": "7.0.0",
        "contentHash": "kmn78+LPVMOWeITUjIlfxUPDsI0R6G0RkeAMBmQxAJ7vBJn4q2dTva7pWi65ceN5vPGjJ9q/Uae2WKgvfktJAw=="
      },
      "Microsoft.Extensions.Primitives": {
        "type": "Transitive",
        "resolved": "7.0.0",
        "contentHash": "um1KU5kxcRp3CNuI8o/GrZtD4AIOXDk+RLsytjZ9QPok3ttLUelLKpilVPuaFT3TFjOhSibUAso0odbOaCDj3Q=="
      },
      "Newtonsoft.Json": {
        "type": "Transitive",
        "resolved": "13.0.2",
        "contentHash": "R2pZ3B0UjeyHShm9vG+Tu0EBb2lC8b0dFzV9gVn50ofHXh9Smjk6kTn7A/FdAsC8B5cKib1OnGYOXxRBz5XQDg=="
      },
      "Newtonsoft.Json.Bson": {
        "type": "Transitive",
        "resolved": "1.0.2",
        "contentHash": "QYFyxhaABwmq3p/21VrZNYvCg3DaEoN/wUuw5nmfAf0X3HLjgupwhkEWdgfb9nvGAUIv3osmZoD3kKl4jxEmYQ==",
        "dependencies": {
          "Newtonsoft.Json": "12.0.1"
        }
      },
      "NodaTime": {
        "type": "Transitive",
        "resolved": "3.1.6",
        "contentHash": "0ZGOyyLldBHYhFpDi22YcXDuAjj3bI33ChGJyp4/dP2gbhpIIVAKaIgU0h+1oUlh/LgA/UKeyJkWOCW2wHYfIg==",
        "dependencies": {
          "System.Runtime.CompilerServices.Unsafe": "4.7.1"
        }
      },
      "NodaTime.Serialization.JsonNet": {
        "type": "Transitive",
        "resolved": "3.0.1",
        "contentHash": "bmw+ElaOr21HZQQVYWZKgqs0QpSb/rJcJxem3Ok6YWAdenqOi0PS2hIkvlh+QJfsl2X3VJcla9Rhya/N3JnweA==",
        "dependencies": {
          "Newtonsoft.Json": "13.0.1",
          "NodaTime": "[3.0.0, 4.0.0)"
        }
      },
      "StyleCop.Analyzers.Unstable": {
        "type": "Transitive",
        "resolved": "1.2.0.435",
        "contentHash": "ouwPWZxbOV3SmCZxIRqHvljkSzkCyi1tDoMzQtDb/bRP8ctASV/iRJr+A2Gdj0QLaLmWnqTWDrH82/iP+X80Lg=="
      },
      "System.Runtime.CompilerServices.Unsafe": {
        "type": "Transitive",
        "resolved": "4.7.1",
        "contentHash": "zOHkQmzPCn5zm/BH+cxC1XbUS3P4Yoi3xzW7eRgVpDR2tPGSzyMZ17Ig1iRkfJuY0nhxkQQde8pgePNiA7z7TQ=="
      },
      "easydesk.cleanarchitecture.application": {
        "type": "Project",
        "dependencies": {
          "EasyDesk.CleanArchitecture.DependencyInjection": "[1.0.0, )",
          "EasyDesk.CleanArchitecture.Domain": "[1.0.0, )",
          "EasyDesk.Tools": "[8.1.0, )",
          "FluentValidation": "[11.5.1, )",
          "FluentValidation.DependencyInjectionExtensions": "[11.5.1, )",
          "Microsoft.Extensions.Hosting.Abstractions": "[7.0.0, )",
          "Microsoft.Extensions.Logging.Abstractions": "[7.0.0, )",
          "Newtonsoft.Json": "[13.0.2, )",
          "Newtonsoft.Json.Bson": "[1.0.2, )",
          "NodaTime.Serialization.JsonNet": "[3.0.1, )"
        }
      },
      "easydesk.cleanarchitecture.dependencyinjection": {
        "type": "Project",
        "dependencies": {
          "EasyDesk.Tools": "[8.1.0, )",
          "Microsoft.Extensions.DependencyInjection.Abstractions": "[7.0.0, )",
          "NodaTime": "[3.1.6, )"
        }
      },
      "easydesk.cleanarchitecture.domain": {
        "type": "Project",
        "dependencies": {
          "EasyDesk.Tools": "[8.1.0, )",
          "NodaTime": "[3.1.6, )"
        }
      },
      "easydesk.sampleapp.domain": {
        "type": "Project",
        "dependencies": {
          "EasyDesk.CleanArchitecture.Domain": "[1.0.0, )",
          "EasyDesk.Tools": "[8.1.0, )"
        }
      }
    }
  }
}