{
  "version": 1,
  "dependencies": {
    "net7.0": {
      "StyleCop.Analyzers": {
        "type": "Direct",
        "requested": "[1.2.0-beta.507, )",
        "resolved": "1.2.0-beta.507",
        "contentHash": "/FtugDT66cKJJ+GGH7rNpG6UDrT4iIWz45M6lrXXHobDUFDHw+q5VgkbiR+6ffTO564ge7w6fQh/eoQhVdJO8Q==",
        "dependencies": {
          "StyleCop.Analyzers.Unstable": "1.2.0.507"
        }
      },
      "FluentValidation": {
        "type": "Transitive",
        "resolved": "11.7.1",
        "contentHash": "w9Al4gls6iVGFbTd/NPOPlwzqDTghH+ntL4c4FYUatc+LeybpIwhYArLykZJP/VjF2n3ihj3ws+1yd7KR5lQlg=="
      },
      "NodaTime": {
        "type": "Transitive",
        "resolved": "3.1.9",
        "contentHash": "EzjwDOtsETlXWBDE6qvTQqc3guP+9xrAOf9j1mHL++UD4VeZay+dbCPNnXyZhoQMkKAOZ/+hIOtz7STl0Rkknw==",
        "dependencies": {
          "System.Runtime.CompilerServices.Unsafe": "4.7.1"
        }
      },
      "StyleCop.Analyzers.Unstable": {
        "type": "Transitive",
        "resolved": "1.2.0.507",
        "contentHash": "gTY3IQdRqDJ4hbhSA3e/R48oE8b/OiKfvwkt1QdNVfrJK2gMHBV8ldaHJ885jxWZfllK66soa/sdcjh9bX49Tw=="
      },
      "System.Runtime.CompilerServices.Unsafe": {
        "type": "Transitive",
        "resolved": "4.7.1",
        "contentHash": "zOHkQmzPCn5zm/BH+cxC1XbUS3P4Yoi3xzW7eRgVpDR2tPGSzyMZ17Ig1iRkfJuY0nhxkQQde8pgePNiA7z7TQ=="
      },
      "easydesk.cleanarchitecture.domain": {
        "type": "Project",
        "dependencies": {
          "EasyDesk.Commons": "[1.0.0, )",
          "FluentValidation": "[11.7.1, )",
          "NodaTime": "[3.1.9, )"
        }
      },
      "easydesk.commons": {
        "type": "Project"
      }
    }
  }
}