{
  "version": 1,
  "dependencies": {
    "net6.0": {
      "AutoMapper": {
        "type": "Direct",
        "requested": "[11.0.0, )",
        "resolved": "11.0.0",
        "contentHash": "+596AnKykYCk9RxXCEF4GYuapSebQtFVvIA1oVG1rrRkCLAC7AkWehJ0brCfYUbdDW3v1H/p0W3hob7JoXGjMw==",
        "dependencies": {
          "Microsoft.CSharp": "4.7.0"
        }
      },
      "AutoMapper.Extensions.Microsoft.DependencyInjection": {
        "type": "Direct",
        "requested": "[11.0.0, )",
        "resolved": "11.0.0",
        "contentHash": "0asw5WxdCFh2OTi9Gv+oKyH9SzxwYQSnO8TV5Dd0GggovILzJW4UimP26JAcxc3yB5NnC5urooZ1BBs8ElpiBw==",
        "dependencies": {
          "AutoMapper": "11.0.0",
          "Microsoft.Extensions.Options": "6.0.0"
        }
      },
      "EasyDesk.Tools": {
        "type": "Direct",
        "requested": "[3.0.0, )",
        "resolved": "3.0.0",
        "contentHash": "Yr3QzLw0peJBWFFprJ5HCT9nn7XVmfm+KbhAbyrz6f2RfBx0xSWFHU+9lxLPf9H+kGj8u230nG3fvxn/3BWmVA=="
      },
      "FluentValidation": {
        "type": "Direct",
        "requested": "[10.3.6, )",
        "resolved": "10.3.6",
        "contentHash": "iMd370ZDx6ydm8t7bIFdRbSKX0e42lpvCtifUSbTSXOk5iKjmgl7HU0PXBhIWQAyIRi3gCwfMI9luj8H6K+byw=="
      },
      "FluentValidation.DependencyInjectionExtensions": {
        "type": "Direct",
        "requested": "[10.3.6, )",
        "resolved": "10.3.6",
        "contentHash": "yMwmbr+sHP/VLRQPTBVcgbJmtP5PGmxzNsqVX7FccDRwDB2edP8XsXWLNTZ4UwrslU1qQUD07BNQLDh7WXzpNw==",
        "dependencies": {
          "FluentValidation": "10.3.6",
          "Microsoft.Extensions.Dependencyinjection.Abstractions": "2.1.0"
        }
      },
      "MediatR": {
        "type": "Direct",
        "requested": "[10.0.1, )",
        "resolved": "10.0.1",
        "contentHash": "vnjbk4giDJzJelh34Ygt0eorApCKrRFB7j0pauFPY1oxfO3cEZ7FugBrIOjCM76SDGTOmPFfbfmVnz1t3iFrGA==",
        "dependencies": {
          "MediatR.Contracts": "1.0.1"
        }
      },
      "MediatR.Extensions.Microsoft.DependencyInjection": {
        "type": "Direct",
        "requested": "[10.0.1, )",
        "resolved": "10.0.1",
        "contentHash": "mYdfMvpkahCAj4tRfBoeMlUBZa2WthaONdQ4y5TtIyxcZYb5e7AE7c1eITTZVWcQhguxvD8AdExdaiAW6RhrVA==",
        "dependencies": {
          "MediatR": "10.0.1",
          "Microsoft.Extensions.DependencyInjection.Abstractions": "6.0.0"
        }
      },
      "Microsoft.Extensions.Hosting.Abstractions": {
        "type": "Direct",
        "requested": "[6.0.0, )",
        "resolved": "6.0.0",
        "contentHash": "GcT5l2CYXL6Sa27KCSh0TixsRfADUgth+ojQSD5EkzisZxmGFh7CwzkcYuGwvmXLjr27uWRNrJ2vuuEjMhU05Q==",
        "dependencies": {
          "Microsoft.Extensions.Configuration.Abstractions": "6.0.0",
          "Microsoft.Extensions.DependencyInjection.Abstractions": "6.0.0",
          "Microsoft.Extensions.FileProviders.Abstractions": "6.0.0"
        }
      },
      "Microsoft.Extensions.Logging.Abstractions": {
        "type": "Direct",
        "requested": "[6.0.0, )",
        "resolved": "6.0.0",
        "contentHash": "/HggWBbTwy8TgebGSX5DBZ24ndhzi93sHUBDvP1IxbZD7FDokYzdAr6+vbWGjw2XAfR2EJ1sfKUotpjHnFWPxA=="
      },
      "Microsoft.SourceLink.GitHub": {
        "type": "Direct",
        "requested": "[1.0.0, )",
        "resolved": "1.0.0",
        "contentHash": "aZyGyGg2nFSxix+xMkPmlmZSsnGQ3w+mIG23LTxJZHN+GPwTQ5FpPgDo7RMOq+Kcf5D4hFWfXkGhoGstawX13Q==",
        "dependencies": {
          "Microsoft.Build.Tasks.Git": "1.0.0",
          "Microsoft.SourceLink.Common": "1.0.0"
        }
      },
      "Scrutor": {
        "type": "Direct",
        "requested": "[3.3.0, )",
        "resolved": "3.3.0",
        "contentHash": "BwqCnFzp2/Z+pq17iztxlIkR/ZANyPRR4PdE57WL1w/JW4AM/2imoxBWTL3+G+YXA46ce4s9OUgwWqTXYrtI8A==",
        "dependencies": {
          "Microsoft.Extensions.DependencyInjection.Abstractions": "3.1.9",
          "Microsoft.Extensions.DependencyModel": "3.1.6"
        }
      },
      "StyleCop.Analyzers": {
        "type": "Direct",
        "requested": "[1.2.0-beta.354, )",
        "resolved": "1.2.0-beta.354",
        "contentHash": "oDSJNxnEvIzAQTkpkc/FnJP4dQ7TV6fHMsI+2ckU5DOaMiwiEfh1fawMsSqz2bCoNwbTt9lS6MgYvyVKujNJoA==",
        "dependencies": {
          "StyleCop.Analyzers.Unstable": "1.2.0.354"
        }
      },
      "MediatR.Contracts": {
        "type": "Transitive",
        "resolved": "1.0.1",
        "contentHash": "NsRvOxthhkYml4DcBMyJsmym8C4MchioH7wxKVPEg7plFj9Euh/i4IcmZ3Gvgx6+K8obeuhPeJdoBl56wnuo3A=="
      },
      "Microsoft.Build.Tasks.Git": {
        "type": "Transitive",
        "resolved": "1.0.0",
        "contentHash": "z2fpmmt+1Jfl+ZnBki9nSP08S1/tbEOxFdsK1rSR+LBehIJz1Xv9/6qOOoGNqlwnAGGVGis1Oj6S8Kt9COEYlQ=="
      },
      "Microsoft.CSharp": {
        "type": "Transitive",
        "resolved": "4.7.0",
        "contentHash": "pTj+D3uJWyN3My70i2Hqo+OXixq3Os2D1nJ2x92FFo6sk8fYS1m1WLNTs0Dc1uPaViH0YvEEwvzddQ7y4rhXmA=="
      },
      "Microsoft.Extensions.Configuration.Abstractions": {
        "type": "Transitive",
        "resolved": "6.0.0",
        "contentHash": "qWzV9o+ZRWq+pGm+1dF+R7qTgTYoXvbyowRoBxQJGfqTpqDun2eteerjRQhq5PQ/14S+lqto3Ft4gYaRyl4rdQ==",
        "dependencies": {
          "Microsoft.Extensions.Primitives": "6.0.0"
        }
      },
      "Microsoft.Extensions.DependencyInjection.Abstractions": {
        "type": "Transitive",
        "resolved": "6.0.0",
        "contentHash": "xlzi2IYREJH3/m6+lUrQlujzX8wDitm4QGnUu6kUXTQAWPuZY8i+ticFJbzfqaetLA6KR/rO6Ew/HuYD+bxifg=="
      },
      "Microsoft.Extensions.DependencyModel": {
        "type": "Transitive",
        "resolved": "3.1.6",
        "contentHash": "/UlDKULIVkLQYn1BaHcy/rc91ApDxJb7T75HcCbGdqwvxhnRQRKM2di1E70iCPMF9zsr6f4EgQTotBGxFIfXmw==",
        "dependencies": {
          "System.Text.Json": "4.7.2"
        }
      },
      "Microsoft.Extensions.FileProviders.Abstractions": {
        "type": "Transitive",
        "resolved": "6.0.0",
        "contentHash": "0pd4/fho0gC12rQswaGQxbU34jOS1TPS8lZPpkFCH68ppQjHNHYle9iRuHeev1LhrJ94YPvzcRd8UmIuFk23Qw==",
        "dependencies": {
          "Microsoft.Extensions.Primitives": "6.0.0"
        }
      },
      "Microsoft.Extensions.Options": {
        "type": "Transitive",
        "resolved": "6.0.0",
        "contentHash": "dzXN0+V1AyjOe2xcJ86Qbo233KHuLEY0njf/P2Kw8SfJU+d45HNS2ctJdnEnrWbM9Ye2eFgaC5Mj9otRMU6IsQ==",
        "dependencies": {
          "Microsoft.Extensions.DependencyInjection.Abstractions": "6.0.0",
          "Microsoft.Extensions.Primitives": "6.0.0"
        }
      },
      "Microsoft.Extensions.Primitives": {
        "type": "Transitive",
        "resolved": "6.0.0",
        "contentHash": "9+PnzmQFfEFNR9J2aDTfJGGupShHjOuGw4VUv+JB044biSHrnmCIMD+mJHmb2H7YryrfBEXDurxQ47gJZdCKNQ==",
        "dependencies": {
          "System.Runtime.CompilerServices.Unsafe": "6.0.0"
        }
      },
      "Microsoft.SourceLink.Common": {
        "type": "Transitive",
        "resolved": "1.0.0",
        "contentHash": "G8DuQY8/DK5NN+3jm5wcMcd9QYD90UV7MiLmdljSJixi3U/vNaeBKmmXUqI4DJCOeWizIUEh4ALhSt58mR+5eg=="
      },
      "StyleCop.Analyzers.Unstable": {
        "type": "Transitive",
        "resolved": "1.2.0.354",
        "contentHash": "/3RlM31XbJ02gaWh7dVumWOyMvGHswb/zygGJXd9oEJMRyyYc/HFJlAC5gBPxvi9cB4CMvIyyUTmZz5VLKwTvg=="
      },
      "System.Runtime.CompilerServices.Unsafe": {
        "type": "Transitive",
        "resolved": "6.0.0",
        "contentHash": "/iUeP3tq1S0XdNNoMz5C9twLSrM/TH+qElHkXWaPvuNOt+99G75NrV0OS2EqHx5wMN7popYjpc8oTjC1y16DLg=="
      },
      "System.Text.Json": {
        "type": "Transitive",
        "resolved": "4.7.2",
        "contentHash": "TcMd95wcrubm9nHvJEQs70rC0H/8omiSGGpU4FQ/ZA1URIqD4pjmFJh2Mfv1yH1eHgJDWTi2hMDXwTET+zOOyg=="
      },
      "easydesk.cleanarchitecture.domain": {
        "type": "Project",
        "dependencies": {
          "EasyDesk.Tools": "3.0.0"
        }
      }
    }
  }
}