{
  "version": 1,
  "dependencies": {
    "net9.0": {
      "Microsoft.Extensions.DependencyInjection": {
        "type": "Direct",
        "requested": "[9.0.6, )",
        "resolved": "9.0.6",
        "contentHash": "vS65HMo5RS10DD543fknsyVDxihMcVxVn3/hNaILgBxWYnOLxWIeCIO9X0QFuCvPRNjClvXe9Aj8KaQNx7vFkQ==",
        "dependencies": {
          "Microsoft.Extensions.DependencyInjection.Abstractions": "9.0.6"
        }
      },
      "Microsoft.SourceLink.GitHub": {
        "type": "Direct",
        "requested": "[8.0.0, )",
        "resolved": "8.0.0",
        "contentHash": "G5q7OqtwIyGTkeIOAc3u2ZuV/kicQaec5EaRnc0pIeSnh9LUjj+PYQrJYBURvDt7twGl2PKA7nSN0kz1Zw5bnQ==",
        "dependencies": {
          "Microsoft.Build.Tasks.Git": "8.0.0",
          "Microsoft.SourceLink.Common": "8.0.0"
        }
      },
      "NSubstitute": {
        "type": "Direct",
        "requested": "[5.3.0, )",
        "resolved": "5.3.0",
        "contentHash": "lJ47Cps5Qzr86N99lcwd+OUvQma7+fBgr8+Mn+aOC0WrlqMNkdivaYD9IvnZ5Mqo6Ky3LS7ZI+tUq1/s9ERd0Q==",
        "dependencies": {
          "Castle.Core": "5.1.1"
        }
      },
      "Roslynator.Analyzers": {
        "type": "Direct",
        "requested": "[4.13.1, )",
        "resolved": "4.13.1",
        "contentHash": "KZpLy6ZlCebMk+d/3I5KU2R7AOb4LNJ6tPJqPtvFXmO8bEBHQvCIAvJOnY2tu4C9/aVOROTDYUFADxFqw1gh/g=="
      },
      "Roslynator.CodeAnalysis.Analyzers": {
        "type": "Direct",
        "requested": "[4.13.1, )",
        "resolved": "4.13.1",
        "contentHash": "PwbuGlRFp87pdx9GVIjDmFwkYEfxVQKs0yWuIedTrUht2JwIzLe0Y7QNzgeJaE7E3YsCVED09h1X6WBqQ95XIA=="
      },
      "Roslynator.Formatting.Analyzers": {
        "type": "Direct",
        "requested": "[4.13.1, )",
        "resolved": "4.13.1",
        "contentHash": "V9gCt0T1Tnu+jMWJDLiUV/vOTmGzmofEdVeUPKPdh8MJW7f3kkhFXSeDotwl8Ob88OxrBf+4LrV/D7OA4tAluA=="
      },
      "Shouldly": {
        "type": "Direct",
        "requested": "[4.3.0, )",
        "resolved": "4.3.0",
        "contentHash": "sDetrWXrl6YXZ4HeLsdBoNk3uIa7K+V4uvIJ+cqdRa5DrFxeTED7VkjoxCuU1kJWpUuBDZz2QXFzSxBtVXLwRQ==",
        "dependencies": {
          "DiffEngine": "11.3.0",
          "EmptyFiles": "4.4.0"
        }
      },
      "Verify": {
        "type": "Direct",
        "requested": "[30.4.0, )",
        "resolved": "30.4.0",
        "contentHash": "ZoPOO21Dm3GS3V1fYeEcedCJdk5XS4X6mYBwQk+813QFkPLNr4/EvCDtGXH2NrFXtmWhu0WiIiiLMa0cZ7ynqQ==",
        "dependencies": {
          "Argon": "0.30.1",
          "DiffEngine": "16.2.3",
          "SimpleInfoName": "3.1.2"
        }
      },
      "Verify.NodaTime": {
        "type": "Direct",
        "requested": "[2.2.0, )",
        "resolved": "2.2.0",
        "contentHash": "nNloO5x8EWIO+52UMsXv9SAdpf1ay9o+qDuojhwcugrQmN7cPuj5idyUbSEvTlPNFKcayL8mXTVVZ1dWxPQjcw==",
        "dependencies": {
          "Argon.NodaTime": "0.21.0",
          "NodaTime": "3.1.12",
          "Verify": "26.4.5"
        }
      },
      "Verify.SystemJson": {
        "type": "Direct",
        "requested": "[1.4.1, )",
        "resolved": "1.4.1",
        "contentHash": "VQPMunwb3DBENnqfhC7ipx0M22IttEeZntomHgRgtwoCzpagLG48bx8EhK8iYD9IwI0QKAK0S/Lx3TMgFhVi8w==",
        "dependencies": {
          "Verify": "28.2.1"
        }
      },
      "Argon": {
        "type": "Transitive",
        "resolved": "0.30.1",
        "contentHash": "kjKnBzxJ1Xp4Sh9B7inrP1YjefXH4X8hV4/J5EoDKloog09Kp4KUVoJS8xxYfUbUzJ+Xe5PKZm3hj5pi4ZuCZw=="
      },
      "Argon.NodaTime": {
        "type": "Transitive",
        "resolved": "0.21.0",
        "contentHash": "VgV0DZsxJufussy/AD9iKOXE1cuCS4QkJ2/rMvZe/RbD/unV4jiuih666B3IrzRfm5QL5ETmloyYcI2h+25dyQ==",
        "dependencies": {
          "Argon": "0.21.0",
          "NodaTime": "3.1.11"
        }
      },
      "Castle.Core": {
        "type": "Transitive",
        "resolved": "5.1.1",
        "contentHash": "rpYtIczkzGpf+EkZgDr9CClTdemhsrwA/W5hMoPjLkRFnXzH44zDLoovXeKtmxb1ykXK9aJVODSpiJml8CTw2g==",
        "dependencies": {
          "System.Diagnostics.EventLog": "6.0.0"
        }
      },
      "DiffEngine": {
        "type": "Transitive",
        "resolved": "16.2.3",
        "contentHash": "QWnG0MR3//Ss0G0N9mIfe1HLOrOIRZqau0AOiLt9Gm53ZQf/TLvzoccTkczEW5ACkbhRY5m+p+W7bzFVln2GDw==",
        "dependencies": {
          "EmptyFiles": "8.10.1",
          "System.Management": "8.0.0"
        }
      },
      "EmptyFiles": {
        "type": "Transitive",
        "resolved": "8.10.1",
        "contentHash": "vhLPAqdKuo2qjVkrJbCyacGXO9XTha7G1R5amw44m877FDR/gqFjCfdncj8VyHAC6eNqrCXgYTbHJGO5+l3TJg=="
      },
      "Microsoft.Build.Tasks.Git": {
        "type": "Transitive",
        "resolved": "8.0.0",
        "contentHash": "bZKfSIKJRXLTuSzLudMFte/8CempWjVamNUR5eHJizsy+iuOuO/k2gnh7W0dHJmYY0tBf+gUErfluCv5mySAOQ=="
      },
      "Microsoft.Extensions.DependencyInjection.Abstractions": {
        "type": "Transitive",
        "resolved": "9.0.6",
        "contentHash": "0Zn6nR/6g+90MxskZyOOMPQvnPnrrGu6bytPwkV+azDcTtCSuQ1+GJUrg8Klmnrjk1i6zMpw2lXijl+tw7Q3kA=="
      },
      "Microsoft.SourceLink.Common": {
        "type": "Transitive",
        "resolved": "8.0.0",
        "contentHash": "dk9JPxTCIevS75HyEQ0E4OVAFhB2N+V9ShCXf8Q6FkUQZDkgLI12y679Nym1YqsiSysuQskT7Z+6nUf3yab6Vw=="
      },
      "NodaTime": {
        "type": "Transitive",
        "resolved": "3.1.12",
        "contentHash": "nDcUbG0jiEXmV8cOz7V8GnUKlmPJjqZm/R+E2JNnUSdlMoaQ19xSU8GXFLReGs/Nt8xdBfA8XfO77xVboWO1Vg==",
        "dependencies": {
          "System.Runtime.CompilerServices.Unsafe": "4.7.1"
        }
      },
      "SimpleInfoName": {
        "type": "Transitive",
        "resolved": "3.1.2",
        "contentHash": "/OoEZQxSW6DeTJ9nfrg8BLCOCWpxBiWHV4NkG3t+Xpe8tvzm7yCwKwxkhpauMl3fg9OjlIjJMKX61H6VavLkrw=="
      },
      "System.CodeDom": {
        "type": "Transitive",
        "resolved": "8.0.0",
        "contentHash": "WTlRjL6KWIMr/pAaq3rYqh0TJlzpouaQ/W1eelssHgtlwHAH25jXTkUphTYx9HaIIf7XA6qs/0+YhtLEQRkJ+Q=="
      },
      "System.Diagnostics.EventLog": {
        "type": "Transitive",
        "resolved": "6.0.0",
        "contentHash": "lcyUiXTsETK2ALsZrX+nWuHSIQeazhqPphLfaRxzdGaG93+0kELqpgEHtwWOlQe7+jSFnKwaCAgL4kjeZCQJnw=="
      },
      "System.Management": {
        "type": "Transitive",
        "resolved": "8.0.0",
        "contentHash": "jrK22i5LRzxZCfGb+tGmke2VH7oE0DvcDlJ1HAKYU8cPmD8XnpUT0bYn2Gy98GEhGjtfbR/sxKTVb+dE770pfA==",
        "dependencies": {
          "System.CodeDom": "8.0.0"
        }
      },
      "System.Runtime.CompilerServices.Unsafe": {
        "type": "Transitive",
        "resolved": "4.7.1",
        "contentHash": "zOHkQmzPCn5zm/BH+cxC1XbUS3P4Yoi3xzW7eRgVpDR2tPGSzyMZ17Ig1iRkfJuY0nhxkQQde8pgePNiA7z7TQ=="
      },
      "easydesk.commons": {
        "type": "Project"
      }
    }
  }
}